Microsoft Visual Studio Solution File, Format Version 12.00
# Visual Studio Version 17
VisualStudioVersion = 17.13.35913.81
MinimumVisualStudioVersion = 10.0.40219.1
Project("{FAE04EC0-301F-11D3-BF4B-00C04F79EFBC}") = "TP-WS1", "TP-WS1.csproj", "{5B687BA4-9A11-4C8F-9E99-D5A9B079B7D0}"
EndProject
Global
	GlobalSection(SolutionConfigurationPlatforms) = preSolution
		Debug|Any CPU = Debug|Any CPU
		Release|Any CPU = Release|Any CPU
	EndGlobalSection
	GlobalSection(ProjectConfigurationPlatforms) = postSolution
		{5B687BA4-9A11-4C8F-9E99-D5A9B079B7D0}.Debug|Any CPU.ActiveCfg = Debug|Any CPU
		{5B687BA4-9A11-4C8F-9E99-D5A9B079B7D0}.Debug|Any CPU.Build.0 = Debug|Any CPU
		{5B687BA4-9A11-4C8F-9E99-D5A9B079B7D0}.Release|Any CPU.ActiveCfg = Release|Any CPU
		{5B687BA4-9A11-4C8F-9E99-D5A9B079B7D0}.Release|Any CPU.Build.0 = Release|Any CPU
	EndGlobalSection
	GlobalSection(SolutionProperties) = preSolution
		HideSolutionNode = FALSE
	EndGlobalSection
	GlobalSection(ExtensibilityGlobals) = postSolution
		SolutionGuid = {9FE5B525-2381-4E4E-9719-E260AAA3FABF}
	EndGlobalSection
EndGlobal
